// !$*UTF8*$!
{
	archiveVersion = 1;
	classes = {
	};
	objectVersion = 77;
	objects = {

/* Begin PBXBuildFile section */
		5F9AFF432CEBC0A1003BBC89 /* ContactModel.swift in Sources */ = {isa = PBXBuildFile; fileRef = 5F9AFF392CEBC0A1003BBC89 /* ContactModel.swift */; };
		5F9AFF442CEBC0A1003BBC89 /* ContactManagerAppApp.swift in Sources */ = {isa = PBXBuildFile; fileRef = 5F9AFF3A2CEBC0A1003BBC89 /* ContactManagerAppApp.swift */; };
		5F9AFF452CEBC0A1003BBC89 /* ContactDetailView.swift in Sources */ = {isa = PBXBuildFile; fileRef = 5F9AFF3B2CEBC0A1003BBC89 /* ContactDetailView.swift */; };
		5F9AFF462CEBC0A1003BBC89 /* ContactViewModel.swift in Sources */ = {isa = PBXBuildFile; fileRef = 5F9AFF3C2CEBC0A1003BBC89 /* ContactViewModel.swift */; };
		5F9AFF472CEBC0A1003BBC89 /* ContentView.swift in Sources */ = {isa = PBXBuildFile; fileRef = 5F9AFF3D2CEBC0A1003BBC89 /* ContentView.swift */; };
		5F9AFF492CEBC0A1003BBC89 /* EditContactFieldsView.swift in Sources */ = {isa = PBXBuildFile; fileRef = 5F9AFF3F2CEBC0A1003BBC89 /* EditContactFieldsView.swift */; };
		5F9AFF4B2CEBC0A1003BBC89 /* Preview Assets.xcassets in Resources */ = {isa = PBXBuildFile; fileRef = 5F9AFF352CEBC0A1003BBC89 /* Preview Assets.xcassets */; };
		5F9AFF4C2CEBC0A1003BBC89 /* Assets.xcassets in Resources */ = {isa = PBXBuildFile; fileRef = 5F9AFF382CEBC0A1003BBC89 /* Assets.xcassets */; };
		5F9AFF4E2CEBC152003BBC89 /* Extensions.swift in Sources */ = {isa = PBXBuildFile; fileRef = 5F9AFF4D2CEBC14A003BBC89 /* Extensions.swift */; };
		5F9AFF502CEBC35C003BBC89 /* AddContactView.swift in Sources */ = {isa = PBXBuildFile; fileRef = 5F9AFF4F2CEBC353003BBC89 /* AddContactView.swift */; };
		5F9AFF542CEBC390003BBC89 /* InputFieldView.swift in Sources */ = {isa = PBXBuildFile; fileRef = 5F9AFF532CEBC38C003BBC89 /* InputFieldView.swift */; };
		5F9AFF562CEBC3A7003BBC89 /* BirthdatePickerView.swift in Sources */ = {isa = PBXBuildFile; fileRef = 5F9AFF552CEBC3A2003BBC89 /* BirthdatePickerView.swift */; };
		5F9AFF582CEBC3C9003BBC89 /* ViewModifiers.swift in Sources */ = {isa = PBXBuildFile; fileRef = 5F9AFF572CEBC3C4003BBC89 /* ViewModifiers.swift */; };
		5F9AFF5A2CEBC42E003BBC89 /* ImagePickerHelper.swift in Sources */ = {isa = PBXBuildFile; fileRef = 5F9AFF592CEBC429003BBC89 /* ImagePickerHelper.swift */; };
		5F9AFF652CED3078003BBC89 /* ContactDetailRowView.swift in Sources */ = {isa = PBXBuildFile; fileRef = 5F9AFF642CED3074003BBC89 /* ContactDetailRowView.swift */; };
		5F9AFF672CED30AE003BBC89 /* ContactDetailsDisplayView.swift in Sources */ = {isa = PBXBuildFile; fileRef = 5F9AFF662CED30AC003BBC89 /* ContactDetailsDisplayView.swift */; };
/* End PBXBuildFile section */

/* Begin PBXFileReference section */
		5F9AFF352CEBC0A1003BBC89 /* Preview Assets.xcassets */ = {isa = PBXFileReference; lastKnownFileType = folder.assetcatalog; path = "Preview Assets.xcassets"; sourceTree = "<group>"; };
		5F9AFF382CEBC0A1003BBC89 /* Assets.xcassets */ = {isa = PBXFileReference; lastKnownFileType = folder.assetcatalog; path = Assets.xcassets; sourceTree = "<group>"; };
		5F9AFF392CEBC0A1003BBC89 /* ContactModel.swift */ = {isa = PBXFileReference; lastKnownFileType = sourcecode.swift; path = ContactModel.swift; sourceTree = "<group>"; };
		5F9AFF3A2CEBC0A1003BBC89 /* ContactManagerAppApp.swift */ = {isa = PBXFileReference; lastKnownFileType = sourcecode.swift; path = ContactManagerAppApp.swift; sourceTree = "<group>"; };
		5F9AFF3B2CEBC0A1003BBC89 /* ContactDetailView.swift */ = {isa = PBXFileReference; lastKnownFileType = sourcecode.swift; path = ContactDetailView.swift; sourceTree = "<group>"; };
		5F9AFF3C2CEBC0A1003BBC89 /* ContactViewModel.swift */ = {isa = PBXFileReference; lastKnownFileType = sourcecode.swift; path = ContactViewModel.swift; sourceTree = "<group>"; };
		5F9AFF3D2CEBC0A1003BBC89 /* ContentView.swift */ = {isa = PBXFileReference; lastKnownFileType = sourcecode.swift; path = ContentView.swift; sourceTree = "<group>"; };
		5F9AFF3F2CEBC0A1003BBC89 /* EditContactFieldsView.swift */ = {isa = PBXFileReference; lastKnownFileType = sourcecode.swift; path = EditContactFieldsView.swift; sourceTree = "<group>"; };
		5F9AFF4D2CEBC14A003BBC89 /* Extensions.swift */ = {isa = PBXFileReference; lastKnownFileType = sourcecode.swift; path = Extensions.swift; sourceTree = "<group>"; };
		5F9AFF4F2CEBC353003BBC89 /* AddContactView.swift */ = {isa = PBXFileReference; lastKnownFileType = sourcecode.swift; path = AddContactView.swift; sourceTree = "<group>"; };
		5F9AFF532CEBC38C003BBC89 /* InputFieldView.swift */ = {isa = PBXFileReference; lastKnownFileType = sourcecode.swift; path = InputFieldView.swift; sourceTree = "<group>"; };
		5F9AFF552CEBC3A2003BBC89 /* BirthdatePickerView.swift */ = {isa = PBXFileReference; lastKnownFileType = sourcecode.swift; path = BirthdatePickerView.swift; sourceTree = "<group>"; };
		5F9AFF572CEBC3C4003BBC89 /* ViewModifiers.swift */ = {isa = PBXFileReference; lastKnownFileType = sourcecode.swift; path = ViewModifiers.swift; sourceTree = "<group>"; };
		5F9AFF592CEBC429003BBC89 /* ImagePickerHelper.swift */ = {isa = PBXFileReference; lastKnownFileType = sourcecode.swift; path = ImagePickerHelper.swift; sourceTree = "<group>"; };
		5F9AFF642CED3074003BBC89 /* ContactDetailRowView.swift */ = {isa = PBXFileReference; lastKnownFileType = sourcecode.swift; path = ContactDetailRowView.swift; sourceTree = "<group>"; };
		5F9AFF662CED30AC003BBC89 /* ContactDetailsDisplayView.swift */ = {isa = PBXFileReference; lastKnownFileType = sourcecode.swift; path = ContactDetailsDisplayView.swift; sourceTree = "<group>"; };
		5FEE4EA42CDA749400DE935B /* ContactManagerApp.app */ = {isa = PBXFileReference; explicitFileType = wrapper.application; includeInIndex = 0; path = ContactManagerApp.app; sourceTree = BUILT_PRODUCTS_DIR; };
/* End PBXFileReference section */

/* Begin PBXFrameworksBuildPhase section */
		5FEE4EA12CDA749400DE935B /* Frameworks */ = {
			isa = PBXFrameworksBuildPhase;
			buildActionMask = 2147483647;
			files = (
			);
			runOnlyForDeploymentPostprocessing = 0;
		};
/* End PBXFrameworksBuildPhase section */

/* Begin PBXGroup section */
		5F9AFF362CEBC0A1003BBC89 /* Preview Content */ = {
			isa = PBXGroup;
			children = (
				5F9AFF352CEBC0A1003BBC89 /* Preview Assets.xcassets */,
			);
			path = "Preview Content";
			sourceTree = "<group>";
		};
		5F9AFF412CEBC0A1003BBC89 /* ContactManagerApp */ = {
			isa = PBXGroup;
			children = (
				5F9AFF362CEBC0A1003BBC89 /* Preview Content */,
				5F9AFF382CEBC0A1003BBC89 /* Assets.xcassets */,
				5F9AFF3A2CEBC0A1003BBC89 /* ContactManagerAppApp.swift */,
				5F9AFF3D2CEBC0A1003BBC89 /* ContentView.swift */,
				5F9AFF5E2CEBC725003BBC89 /* Models */,
				5F9AFF5F2CEBC72C003BBC89 /* ViewModels */,
				5F9AFF5C2CEBC6DA003BBC89 /* ContactDetails */,
				5F9AFF5B2CEBC4EA003BBC89 /* AddContact */,
				5F9AFF5D2CEBC6FE003BBC89 /* Helpers */,
			);
			path = ContactManagerApp;
			sourceTree = "<group>";
		};
		5F9AFF5B2CEBC4EA003BBC89 /* AddContact */ = {
			isa = PBXGroup;
			children = (
				5F9AFF4F2CEBC353003BBC89 /* AddContactView.swift */,
				5F9AFF532CEBC38C003BBC89 /* InputFieldView.swift */,
				5F9AFF552CEBC3A2003BBC89 /* BirthdatePickerView.swift */,
			);
			path = AddContact;
			sourceTree = "<group>";
		};
		5F9AFF5C2CEBC6DA003BBC89 /* ContactDetails */ = {
			isa = PBXGroup;
			children = (
				5F9AFF3B2CEBC0A1003BBC89 /* ContactDetailView.swift */,
				5F9AFF3F2CEBC0A1003BBC89 /* EditContactFieldsView.swift */,
				5F9AFF662CED30AC003BBC89 /* ContactDetailsDisplayView.swift */,
				5F9AFF642CED3074003BBC89 /* ContactDetailRowView.swift */,
			);
			path = ContactDetails;
			sourceTree = "<group>";
		};
		5F9AFF5D2CEBC6FE003BBC89 /* Helpers */ = {
			isa = PBXGroup;
			children = (
				5F9AFF4D2CEBC14A003BBC89 /* Extensions.swift */,
				5F9AFF572CEBC3C4003BBC89 /* ViewModifiers.swift */,
				5F9AFF592CEBC429003BBC89 /* ImagePickerHelper.swift */,
			);
			path = Helpers;
			sourceTree = "<group>";
		};
		5F9AFF5E2CEBC725003BBC89 /* Models */ = {
			isa = PBXGroup;
			children = (
				5F9AFF392CEBC0A1003BBC89 /* ContactModel.swift */,
			);
			path = Models;
			sourceTree = "<group>";
		};
		5F9AFF5F2CEBC72C003BBC89 /* ViewModels */ = {
			isa = PBXGroup;
			children = (
				5F9AFF3C2CEBC0A1003BBC89 /* ContactViewModel.swift */,
			);
			path = ViewModels;
			sourceTree = "<group>";
		};
		5FEE4E9B2CDA749400DE935B = {
			isa = PBXGroup;
			children = (
				5F9AFF412CEBC0A1003BBC89 /* ContactManagerApp */,
				5FEE4EA52CDA749400DE935B /* Products */,
			);
			sourceTree = "<group>";
		};
		5FEE4EA52CDA749400DE935B /* Products */ = {
			isa = PBXGroup;
			children = (
				5FEE4EA42CDA749400DE935B /* ContactManagerApp.app */,
			);
			name = Products;
			sourceTree = "<group>";
		};
/* End PBXGroup section */

/* Begin PBXNativeTarget section */
		5FEE4EA32CDA749400DE935B /* ContactManagerApp */ = {
			isa = PBXNativeTarget;
			buildConfigurationList = 5FEE4EB22CDA749600DE935B /* Build configuration list for PBXNativeTarget "ContactManagerApp" */;
			buildPhases = (
				5FEE4EA02CDA749400DE935B /* Sources */,
				5FEE4EA12CDA749400DE935B /* Frameworks */,
				5FEE4EA22CDA749400DE935B /* Resources */,
			);
			buildRules = (
			);
			dependencies = (
			);
			name = ContactManagerApp;
			packageProductDependencies = (
			);
			productName = ContactManagerApp;
			productReference = 5FEE4EA42CDA749400DE935B /* ContactManagerApp.app */;
			productType = "com.apple.product-type.application";
		};
/* End PBXNativeTarget section */

/* Begin PBXProject section */
		5FEE4E9C2CDA749400DE935B /* Project object */ = {
			isa = PBXProject;
			attributes = {
				BuildIndependentTargetsInParallel = 1;
				LastSwiftUpdateCheck = 1610;
				LastUpgradeCheck = 1610;
				TargetAttributes = {
					5FEE4EA32CDA749400DE935B = {
						CreatedOnToolsVersion = 16.1;
					};
				};
			};
			buildConfigurationList = 5FEE4E9F2CDA749400DE935B /* Build configuration list for PBXProject "ContactManagerApp" */;
			developmentRegion = en;
			hasScannedForEncodings = 0;
			knownRegions = (
				en,
				Base,
			);
			mainGroup = 5FEE4E9B2CDA749400DE935B;
			minimizedProjectReferenceProxies = 1;
			preferredProjectObjectVersion = 77;
			productRefGroup = 5FEE4EA52CDA749400DE935B /* Products */;
			projectDirPath = "";
			projectRoot = "";
			targets = (
				5FEE4EA32CDA749400DE935B /* ContactManagerApp */,
			);
		};
/* End PBXProject section */

/* Begin PBXResourcesBuildPhase section */
		5FEE4EA22CDA749400DE935B /* Resources */ = {
			isa = PBXResourcesBuildPhase;
			buildActionMask = 2147483647;
			files = (
				5F9AFF4B2CEBC0A1003BBC89 /* Preview Assets.xcassets in Resources */,
				5F9AFF4C2CEBC0A1003BBC89 /* Assets.xcassets in Resources */,
			);
			runOnlyForDeploymentPostprocessing = 0;
		};
/* End PBXResourcesBuildPhase section */

/* Begin PBXSourcesBuildPhase section */
		5FEE4EA02CDA749400DE935B /* Sources */ = {
			isa = PBXSourcesBuildPhase;
			buildActionMask = 2147483647;
			files = (
				5F9AFF432CEBC0A1003BBC89 /* ContactModel.swift in Sources */,
				5F9AFF442CEBC0A1003BBC89 /* ContactManagerAppApp.swift in Sources */,
				5F9AFF652CED3078003BBC89 /* ContactDetailRowView.swift in Sources */,
				5F9AFF452CEBC0A1003BBC89 /* ContactDetailView.swift in Sources */,
				5F9AFF502CEBC35C003BBC89 /* AddContactView.swift in Sources */,
				5F9AFF462CEBC0A1003BBC89 /* ContactViewModel.swift in Sources */,
				5F9AFF4E2CEBC152003BBC89 /* Extensions.swift in Sources */,
				5F9AFF562CEBC3A7003BBC89 /* BirthdatePickerView.swift in Sources */,
				5F9AFF542CEBC390003BBC89 /* InputFieldView.swift in Sources */,
				5F9AFF472CEBC0A1003BBC89 /* ContentView.swift in Sources */,
				5F9AFF492CEBC0A1003BBC89 /* EditContactFieldsView.swift in Sources */,
				5F9AFF5A2CEBC42E003BBC89 /* ImagePickerHelper.swift in Sources */,
				5F9AFF582CEBC3C9003BBC89 /* ViewModifiers.swift in Sources */,
				5F9AFF672CED30AE003BBC89 /* ContactDetailsDisplayView.swift in Sources */,
			);
			runOnlyForDeploymentPostprocessing = 0;
		};
/* End PBXSourcesBuildPhase section */

/* Begin XCBuildConfiguration section */
		5FEE4EB02CDA749600DE935B /* Debug */ = {
			isa = XCBuildConfiguration;
			buildSettings = {
				ALWAYS_SEARCH_USER_PATHS = NO;
				ASSETCATALOG_COMPILER_GENERATE_SWIFT_ASSET_SYMBOL_EXTENSIONS = YES;
				CLANG_ANALYZER_NONNULL = YES;
				CLANG_ANALYZER_NUMBER_OBJECT_CONVERSION = YES_AGGRESSIVE;
				CLANG_CXX_LANGUAGE_STANDARD = "gnu++20";
				CLANG_ENABLE_MODULES = YES;
				CLANG_ENABLE_OBJC_ARC = YES;
				CLANG_ENABLE_OBJC_WEAK = YES;
				CLANG_WARN_BLOCK_CAPTURE_AUTORELEASING = YES;
				CLANG_WARN_BOOL_CONVERSION = YES;
				CLANG_WARN_COMMA = YES;
				CLANG_WARN_CONSTANT_CONVERSION = YES;
				CLANG_WARN_DEPRECATED_OBJC_IMPLEMENTATIONS = YES;
				CLANG_WARN_DIRECT_OBJC_ISA_USAGE = YES_ERROR;
				CLANG_WARN_DOCUMENTATION_COMMENTS = YES;
				CLANG_WARN_EMPTY_BODY = YES;
				CLANG_WARN_ENUM_CONVERSION = YES;
				CLANG_WARN_INFINITE_RECURSION = YES;
				CLANG_WARN_INT_CONVERSION = YES;
				CLANG_WARN_NON_LITERAL_NULL_CONVERSION = YES;
				CLANG_WARN_OBJC_IMPLICIT_RETAIN_SELF = YES;
				CLANG_WARN_OBJC_LITERAL_CONVERSION = YES;
				CLANG_WARN_OBJC_ROOT_CLASS = YES_ERROR;
				CLANG_WARN_QUOTED_INCLUDE_IN_FRAMEWORK_HEADER = YES;
				CLANG_WARN_RANGE_LOOP_ANALYSIS = YES;
				CLANG_WARN_STRICT_PROTOTYPES = YES;
				CLANG_WARN_SUSPICIOUS_MOVE = YES;
				CLANG_WARN_UNGUARDED_AVAILABILITY = YES_AGGRESSIVE;
				CLANG_WARN_UNREACHABLE_CODE = YES;
				CLANG_WARN__DUPLICATE_METHOD_MATCH = YES;
				COPY_PHASE_STRIP = NO;
				DEBUG_INFORMATION_FORMAT = dwarf;
				ENABLE_STRICT_OBJC_MSGSEND = YES;
				ENABLE_TESTABILITY = YES;
				ENABLE_USER_SCRIPT_SANDBOXING = YES;
				GCC_C_LANGUAGE_STANDARD = gnu17;
				GCC_DYNAMIC_NO_PIC = NO;
				GCC_NO_COMMON_BLOCKS = YES;
				GCC_OPTIMIZATION_LEVEL = 0;
				GCC_PREPROCESSOR_DEFINITIONS = (
					"DEBUG=1",
					"$(inherited)",
				);
				GCC_WARN_64_TO_32_BIT_CONVERSION = YES;
				GCC_WARN_ABOUT_RETURN_TYPE = YES_ERROR;
				GCC_WARN_UNDECLARED_SELECTOR = YES;
				GCC_WARN_UNINITIALIZED_AUTOS = YES_AGGRESSIVE;
				GCC_WARN_UNUSED_FUNCTION = YES;
				GCC_WARN_UNUSED_VARIABLE = YES;
				IPHONEOS_DEPLOYMENT_TARGET = 18.1;
				LOCALIZATION_PREFERS_STRING_CATALOGS = YES;
				MTL_ENABLE_DEBUG_INFO = INCLUDE_SOURCE;
				MTL_FAST_MATH = YES;
				ONLY_ACTIVE_ARCH = YES;
				SDKROOT = iphoneos;
				SWIFT_ACTIVE_COMPILATION_CONDITIONS = "DEBUG $(inherited)";
				SWIFT_OPTIMIZATION_LEVEL = "-Onone";
			};
			name = Debug;
		};
		5FEE4EB12CDA749600DE935B /* Release */ = {
			isa = XCBuildConfiguration;
			buildSettings = {
				ALWAYS_SEARCH_USER_PATHS = NO;
				ASSETCATALOG_COMPILER_GENERATE_SWIFT_ASSET_SYMBOL_EXTENSIONS = YES;
				CLANG_ANALYZER_NONNULL = YES;
				CLANG_ANALYZER_NUMBER_OBJECT_CONVERSION = YES_AGGRESSIVE;
				CLANG_CXX_LANGUAGE_STANDARD = "gnu++20";
				CLANG_ENABLE_MODULES = YES;
				CLANG_ENABLE_OBJC_ARC = YES;
				CLANG_ENABLE_OBJC_WEAK = YES;
				CLANG_WARN_BLOCK_CAPTURE_AUTORELEASING = YES;
				CLANG_WARN_BOOL_CONVERSION = YES;
				CLANG_WARN_COMMA = YES;
				CLANG_WARN_CONSTANT_CONVERSION = YES;
				CLANG_WARN_DEPRECATED_OBJC_IMPLEMENTATIONS = YES;
				CLANG_WARN_DIRECT_OBJC_ISA_USAGE = YES_ERROR;
				CLANG_WARN_DOCUMENTATION_COMMENTS = YES;
				CLANG_WARN_EMPTY_BODY = YES;
				CLANG_WARN_ENUM_CONVERSION = YES;
				CLANG_WARN_INFINITE_RECURSION = YES;
				CLANG_WARN_INT_CONVERSION = YES;
				CLANG_WARN_NON_LITERAL_NULL_CONVERSION = YES;
				CLANG_WARN_OBJC_IMPLICIT_RETAIN_SELF = YES;
				CLANG_WARN_OBJC_LITERAL_CONVERSION = YES;
				CLANG_WARN_OBJC_ROOT_CLASS = YES_ERROR;
				CLANG_WARN_QUOTED_INCLUDE_IN_FRAMEWORK_HEADER = YES;
				CLANG_WARN_RANGE_LOOP_ANALYSIS = YES;
				CLANG_WARN_STRICT_PROTOTYPES = YES;
				CLANG_WARN_SUSPICIOUS_MOVE = YES;
				CLANG_WARN_UNGUARDED_AVAILABILITY = YES_AGGRESSIVE;
				CLANG_WARN_UNREACHABLE_CODE = YES;
				CLANG_WARN__DUPLICATE_METHOD_MATCH = YES;
				COPY_PHASE_STRIP = NO;
				DEBUG_INFORMATION_FORMAT = "dwarf-with-dsym";
				ENABLE_NS_ASSERTIONS = NO;
				ENABLE_STRICT_OBJC_MSGSEND = YES;
				ENABLE_USER_SCRIPT_SANDBOXING = YES;
				GCC_C_LANGUAGE_STANDARD = gnu17;
				GCC_NO_COMMON_BLOCKS = YES;
				GCC_WARN_64_TO_32_BIT_CONVERSION = YES;
				GCC_WARN_ABOUT_RETURN_TYPE = YES_ERROR;
				GCC_WARN_UNDECLARED_SELECTOR = YES;
				GCC_WARN_UNINITIALIZED_AUTOS = YES_AGGRESSIVE;
				GCC_WARN_UNUSED_FUNCTION = YES;
				GCC_WARN_UNUSED_VARIABLE = YES;
				IPHONEOS_DEPLOYMENT_TARGET = 18.1;
				LOCALIZATION_PREFERS_STRING_CATALOGS = YES;
				MTL_ENABLE_DEBUG_INFO = NO;
				MTL_FAST_MATH = YES;
				SDKROOT = iphoneos;
				SWIFT_COMPILATION_MODE = wholemodule;
				VALIDATE_PRODUCT = YES;
			};
			name = Release;
		};
		5FEE4EB32CDA749600DE935B /* Debug */ = {
			isa = XCBuildConfiguration;
			buildSettings = {
				ASSETCATALOG_COMPILER_APPICON_NAME = AppIcon;
				ASSETCATALOG_COMPILER_GLOBAL_ACCENT_COLOR_NAME = AccentColor;
				CODE_SIGN_STYLE = Automatic;
				CURRENT_PROJECT_VERSION = 1;
				DEVELOPMENT_ASSET_PATHS = "\"ContactManagerApp/Preview Content\"";
				DEVELOPMENT_TEAM = 9N8K6W6YQ4;
				ENABLE_PREVIEWS = YES;
				GENERATE_INFOPLIST_FILE = YES;
				INFOPLIST_KEY_UIApplicationSceneManifest_Generation = YES;
				INFOPLIST_KEY_UIApplicationSupportsIndirectInputEvents = YES;
				INFOPLIST_KEY_UILaunchScreen_Generation = YES;
				INFOPLIST_KEY_UISupportedInterfaceOrientations_iPad = "UIInterfaceOrientationPortrait UIInterfaceOrientationPortraitUpsideDown UIInterfaceOrientationLandscapeLeft UIInterfaceOrientationLandscapeRight";
				INFOPLIST_KEY_UISupportedInterfaceOrientations_iPhone = "UIInterfaceOrientationPortrait UIInterfaceOrientationLandscapeLeft UIInterfaceOrientationLandscapeRight";
				LD_RUNPATH_SEARCH_PATHS = (
					"$(inherited)",
					"@executable_path/Frameworks",
				);
				MARKETING_VERSION = 1.0;
				PRODUCT_BUNDLE_IDENTIFIER = meokay.ContactManagerApp;
				PRODUCT_NAME = "$(TARGET_NAME)";
				SWIFT_EMIT_LOC_STRINGS = YES;
				SWIFT_VERSION = 5.0;
				TARGETED_DEVICE_FAMILY = "1,2";
			};
			name = Debug;
		};
		5FEE4EB42CDA749600DE935B /* Release */ = {
			isa = XCBuildConfiguration;
			buildSettings = {
				ASSETCATALOG_COMPILER_APPICON_NAME = AppIcon;
				ASSETCATALOG_COMPILER_GLOBAL_ACCENT_COLOR_NAME = AccentColor;
				CODE_SIGN_STYLE = Automatic;
				CURRENT_PROJECT_VERSION = 1;
				DEVELOPMENT_ASSET_PATHS = "\"ContactManagerApp/Preview Content\"";
				DEVELOPMENT_TEAM = 9N8K6W6YQ4;
				ENABLE_PREVIEWS = YES;
				GENERATE_INFOPLIST_FILE = YES;
				INFOPLIST_KEY_UIApplicationSceneManifest_Generation = YES;
				INFOPLIST_KEY_UIApplicationSupportsIndirectInputEvents = YES;
				INFOPLIST_KEY_UILaunchScreen_Generation = YES;
				INFOPLIST_KEY_UISupportedInterfaceOrientations_iPad = "UIInterfaceOrientationPortrait UIInterfaceOrientationPortraitUpsideDown UIInterfaceOrientationLandscapeLeft UIInterfaceOrientationLandscapeRight";
				INFOPLIST_KEY_UISupportedInterfaceOrientations_iPhone = "UIInterfaceOrientationPortrait UIInterfaceOrientationLandscapeLeft UIInterfaceOrientationLandscapeRight";
				LD_RUNPATH_SEARCH_PATHS = (
					"$(inherited)",
					"@executable_path/Frameworks",
				);
				MARKETING_VERSION = 1.0;
				PRODUCT_BUNDLE_IDENTIFIER = meokay.ContactManagerApp;
				PRODUCT_NAME = "$(TARGET_NAME)";
				SWIFT_EMIT_LOC_STRINGS = YES;
				SWIFT_VERSION = 5.0;
				TARGETED_DEVICE_FAMILY = "1,2";
			};
			name = Release;
		};
/* End XCBuildConfiguration section */

/* Begin XCConfigurationList section */
		5FEE4E9F2CDA749400DE935B /* Build configuration list for PBXProject "ContactManagerApp" */ = {
			isa = XCConfigurationList;
			buildConfigurations = (
				5FEE4EB02CDA749600DE935B /* Debug */,
				5FEE4EB12CDA749600DE935B /* Release */,
			);
			defaultConfigurationIsVisible = 0;
			defaultConfigurationName = Release;
		};
		5FEE4EB22CDA749600DE935B /* Build configuration list for PBXNativeTarget "ContactManagerApp" */ = {
			isa = XCConfigurationList;
			buildConfigurations = (
				5FEE4EB32CDA749600DE935B /* Debug */,
				5FEE4EB42CDA749600DE935B /* Release */,
			);
			defaultConfigurationIsVisible = 0;
			defaultConfigurationName = Release;
		};
/* End XCConfigurationList section */
	};
	rootObject = 5FEE4E9C2CDA749400DE935B /* Project object */;
}
